<?xml version="1.0" encoding="utf-8"?>
<Project ToolsVersion="4.0" xmlns="http://schemas.microsoft.com/developer/msbuild/2003">
  <ItemGroup>
    <ClCompile Include="MyInputHook.cpp" />
  </ItemGroup>
  <ItemGroup>
    <ClInclude Include="Config.h" />
    <ClInclude Include="Device.h" />
    <ClInclude Include="DeviceApi.h" />
    <ClInclude Include="Hook.h" />
    <ClInclude Include="Impl.h" />
    <ClInclude Include="CfgMgr.h" />
    <ClInclude Include="MiscApi.h" />
    <ClInclude Include="RawInput.h" />
    <ClInclude Include="State.h" />
    <ClInclude Include="Devices.h" />
    <ClInclude Include="WinHooks.h" />
    <ClInclude Include="ImplFeedback.h" />
    <ClInclude Include="NotifyApi.h" />
    <ClInclude Include="XUsbApi.h" />
    <ClInclude Include="RawRegister.h" />
    <ClInclude Include="Header.h" />
    <ClInclude Include="WinInput.h" />
    <ClInclude Include="Keys.h" />
    <ClInclude Include="Thunk.h" />
    <ClInclude Include="ImplPad.h" />
    <ClInclude Include="ImplKeyMouse.h" />
    <ClInclude Include="MyInputHook.h" />
    <ClInclude Include="Log.h" />
    <ClInclude Include="WinCursor.h" />
    <ClInclude Include="WbemApi.h" />
    <ClInclude Include="ComApi.h" />
    <ClInclude Include="StateUtils.h" />
    <ClInclude Include="ConfigRead.h" />
  </ItemGroup>
  <ItemGroup>
    <CopyFileToFolders Include="_default.ini" />
    <CopyFileToFolders Include="_default.log" />
  </ItemGroup>
</Project>